
Microsoft Visual Studio Solution File, Format Version 12.00
# Visual Studio Version 17
VisualStudioVersion = 17.2.32516.85
MinimumVisualStudioVersion = 10.0.40219.1
Project("{FAE04EC0-301F-11D3-BF4B-00C04F79EFBC}") = "MyFirstCSharp_01", "MyFirstCSharp_01\MyFirstCSharp_01.csproj", "{1635CEE0-4159-4E44-B0DD-14059129765D}"
EndProject
Global
	GlobalSection(SolutionConfigurationPlatforms) = preSolution
		Debug|Any CPU = Debug|Any CPU
		Release|Any CPU = Release|Any CPU
	EndGlobalSection
	GlobalSection(ProjectConfigurationPlatforms) = postSolution
		{1635CEE0-4159-4E44-B0DD-14059129765D}.Debug|Any CPU.ActiveCfg = Debug|Any CPU
		{1635CEE0-4159-4E44-B0DD-14059129765D}.Debug|Any CPU.Build.0 = Debug|Any CPU
		{1635CEE0-4159-4E44-B0DD-14059129765D}.Release|Any CPU.ActiveCfg = Release|Any CPU
		{1635CEE0-4159-4E44-B0DD-14059129765D}.Release|Any CPU.Build.0 = Release|Any CPU
	EndGlobalSection
	GlobalSection(SolutionProperties) = preSolution
		HideSolutionNode = FALSE
	EndGlobalSection
	GlobalSection(ExtensibilityGlobals) = postSolution
		SolutionGuid = {642FC88D-D6A6-470A-B77C-1C05743F4AA2}
	EndGlobalSection
EndGlobal
